
Microsoft Visual Studio Solution File, Format Version 12.00
# Visual Studio Version 17
VisualStudioVersion = 17.13.35806.99 d17.13
MinimumVisualStudioVersion = 10.0.40219.1
Project("{FAE04EC0-301F-11D3-BF4B-00C04F79EFBC}") = "TugasPemVis", "TugasPemVis\TugasPemVis.csproj", "{5B158E1C-F26F-42D5-B35C-4512FB1D8899}"
EndProject
Global
	GlobalSection(SolutionConfigurationPlatforms) = preSolution
		Debug|Any CPU = Debug|Any CPU
		Release|Any CPU = Release|Any CPU
	EndGlobalSection
	GlobalSection(ProjectConfigurationPlatforms) = postSolution
		{5B158E1C-F26F-42D5-B35C-4512FB1D8899}.Debug|Any CPU.ActiveCfg = Debug|Any CPU
		{5B158E1C-F26F-42D5-B35C-4512FB1D8899}.Debug|Any CPU.Build.0 = Debug|Any CPU
		{5B158E1C-F26F-42D5-B35C-4512FB1D8899}.Release|Any CPU.ActiveCfg = Release|Any CPU
		{5B158E1C-F26F-42D5-B35C-4512FB1D8899}.Release|Any CPU.Build.0 = Release|Any CPU
	EndGlobalSection
	GlobalSection(SolutionProperties) = preSolution
		HideSolutionNode = FALSE
	EndGlobalSection
	GlobalSection(ExtensibilityGlobals) = postSolution
		SolutionGuid = {FA1E72AB-52EC-4263-8B62-48AFF1E77252}
	EndGlobalSection
EndGlobal
